
Microsoft Visual Studio Solution File, Format Version 12.00
# Visual Studio Version 16
VisualStudioVersion = 16.0.29324.140
MinimumVisualStudioVersion = 10.0.40219.1
Project("{FAE04EC0-301F-11D3-BF4B-00C04F79EFBC}") = "JSON_editor", "JSON_editor\JSON_editor.csproj", "{49D503DA-4FF2-474D-8644-9DD0D59791BE}"
EndProject
Global
	GlobalSection(SolutionConfigurationPlatforms) = preSolution
		Debug|Any CPU = Debug|Any CPU
		Release|Any CPU = Release|Any CPU
	EndGlobalSection
	GlobalSection(ProjectConfigurationPlatforms) = postSolution
		{49D503DA-4FF2-474D-8644-9DD0D59791BE}.Debug|Any CPU.ActiveCfg = Debug|Any CPU
		{49D503DA-4FF2-474D-8644-9DD0D59791BE}.Debug|Any CPU.Build.0 = Debug|Any CPU
		{49D503DA-4FF2-474D-8644-9DD0D59791BE}.Release|Any CPU.ActiveCfg = Release|Any CPU
		{49D503DA-4FF2-474D-8644-9DD0D59791BE}.Release|Any CPU.Build.0 = Release|Any CPU
	EndGlobalSection
	GlobalSection(SolutionProperties) = preSolution
		HideSolutionNode = FALSE
	EndGlobalSection
	GlobalSection(ExtensibilityGlobals) = postSolution
		SolutionGuid = {C3222741-5E98-4622-BEC7-F96104B60A0D}
	EndGlobalSection
EndGlobal
